
Microsoft Visual Studio Solution File, Format Version 12.00
# Visual Studio Version 17
VisualStudioVersion = 17.0.32014.148
MinimumVisualStudioVersion = 10.0.40219.1
Project("{FAE04EC0-301F-11D3-BF4B-00C04F79EFBC}") = "Sudoku", "Sudoku.csproj", "{86078475-0B44-4138-A2A2-3696D88F57E6}"
EndProject
Global
	GlobalSection(SolutionConfigurationPlatforms) = preSolution
		Debug|Any CPU = Debug|Any CPU
		Release|Any CPU = Release|Any CPU
	EndGlobalSection
	GlobalSection(ProjectConfigurationPlatforms) = postSolution
		{86078475-0B44-4138-A2A2-3696D88F57E6}.Debug|Any CPU.ActiveCfg = Debug|Any CPU
		{86078475-0B44-4138-A2A2-3696D88F57E6}.Debug|Any CPU.Build.0 = Debug|Any CPU
		{86078475-0B44-4138-A2A2-3696D88F57E6}.Release|Any CPU.ActiveCfg = Release|Any CPU
		{86078475-0B44-4138-A2A2-3696D88F57E6}.Release|Any CPU.Build.0 = Release|Any CPU
	EndGlobalSection
	GlobalSection(SolutionProperties) = preSolution
		HideSolutionNode = FALSE
	EndGlobalSection
	GlobalSection(ExtensibilityGlobals) = postSolution
		SolutionGuid = {6BF9A767-67E8-4A8B-B6AE-849E3B20F65A}
	EndGlobalSection
EndGlobal
